
Microsoft Visual Studio Solution File, Format Version 12.00
# Visual Studio Version 16
VisualStudioVersion = 16.0.30804.86
MinimumVisualStudioVersion = 10.0.40219.1
Project("{888888A0-9F3D-457C-B088-3A5042F75D52}") = "Discord_Bot project", "Discord_Bot project.pyproj", "{9FF4233F-F93E-41F0-BF47-6FEA606A7D5D}"
EndProject
Global
	GlobalSection(SolutionConfigurationPlatforms) = preSolution
		Debug|Any CPU = Debug|Any CPU
		Release|Any CPU = Release|Any CPU
	EndGlobalSection
	GlobalSection(ProjectConfigurationPlatforms) = postSolution
		{9FF4233F-F93E-41F0-BF47-6FEA606A7D5D}.Debug|Any CPU.ActiveCfg = Debug|Any CPU
		{9FF4233F-F93E-41F0-BF47-6FEA606A7D5D}.Release|Any CPU.ActiveCfg = Release|Any CPU
	EndGlobalSection
	GlobalSection(SolutionProperties) = preSolution
		HideSolutionNode = FALSE
	EndGlobalSection
	GlobalSection(ExtensibilityGlobals) = postSolution
		SolutionGuid = {F3679F3E-56AB-493A-88F9-2363B983FB50}
	EndGlobalSection
EndGlobal
